
Microsoft Visual Studio Solution File, Format Version 12.00
# Visual Studio 14
VisualStudioVersion = 14.0.25420.1
MinimumVisualStudioVersion = 10.0.40219.1
Project("{8BC9CEB8-8B4A-11D0-8D11-00A0C91BC942}") = "some_lib", "some_lib\some_lib.vcxproj", "{340BA802-6A17-4A33-9E1A-CE7B8CB07C57}"
EndProject
Project("{FAE04EC0-301F-11D3-BF4B-00C04F79EFBC}") = "some_lib_wrap", "some_lib_wrap\some_lib_wrap.csproj", "{0DD364BE-7510-4084-B1E9-0D1417757C4E}"
	ProjectSection(ProjectDependencies) = postProject
		{340BA802-6A17-4A33-9E1A-CE7B8CB07C57} = {340BA802-6A17-4A33-9E1A-CE7B8CB07C57}
	EndProjectSection
EndProject
Project("{FAE04EC0-301F-11D3-BF4B-00C04F79EFBC}") = "test_some_lib", "test_some_lib\test_some_lib.csproj", "{7E6435E1-1A9A-4B7A-9BFC-272F167D4E18}"
EndProject
Global
	GlobalSection(SolutionConfigurationPlatforms) = preSolution
		Debug|Any CPU = Debug|Any CPU
		Debug|x64 = Debug|x64
		Debug|x86 = Debug|x86
		Release|Any CPU = Release|Any CPU
		Release|x64 = Release|x64
		Release|x86 = Release|x86
	EndGlobalSection
	GlobalSection(ProjectConfigurationPlatforms) = postSolution
		{340BA802-6A17-4A33-9E1A-CE7B8CB07C57}.Debug|Any CPU.ActiveCfg = Debug|Win32
		{340BA802-6A17-4A33-9E1A-CE7B8CB07C57}.Debug|x64.ActiveCfg = Debug|x64
		{340BA802-6A17-4A33-9E1A-CE7B8CB07C57}.Debug|x64.Build.0 = Debug|x64
		{340BA802-6A17-4A33-9E1A-CE7B8CB07C57}.Debug|x86.ActiveCfg = Debug|Win32
		{340BA802-6A17-4A33-9E1A-CE7B8CB07C57}.Debug|x86.Build.0 = Debug|Win32
		{340BA802-6A17-4A33-9E1A-CE7B8CB07C57}.Release|Any CPU.ActiveCfg = Release|Win32
		{340BA802-6A17-4A33-9E1A-CE7B8CB07C57}.Release|x64.ActiveCfg = Release|x64
		{340BA802-6A17-4A33-9E1A-CE7B8CB07C57}.Release|x64.Build.0 = Release|x64
		{340BA802-6A17-4A33-9E1A-CE7B8CB07C57}.Release|x86.ActiveCfg = Release|Win32
		{340BA802-6A17-4A33-9E1A-CE7B8CB07C57}.Release|x86.Build.0 = Release|Win32
		{0DD364BE-7510-4084-B1E9-0D1417757C4E}.Debug|Any CPU.ActiveCfg = Debug|Any CPU
		{0DD364BE-7510-4084-B1E9-0D1417757C4E}.Debug|Any CPU.Build.0 = Debug|Any CPU
		{0DD364BE-7510-4084-B1E9-0D1417757C4E}.Debug|x64.ActiveCfg = Debug|Any CPU
		{0DD364BE-7510-4084-B1E9-0D1417757C4E}.Debug|x64.Build.0 = Debug|Any CPU
		{0DD364BE-7510-4084-B1E9-0D1417757C4E}.Debug|x86.ActiveCfg = Debug|Any CPU
		{0DD364BE-7510-4084-B1E9-0D1417757C4E}.Debug|x86.Build.0 = Debug|Any CPU
		{0DD364BE-7510-4084-B1E9-0D1417757C4E}.Release|Any CPU.ActiveCfg = Release|Any CPU
		{0DD364BE-7510-4084-B1E9-0D1417757C4E}.Release|Any CPU.Build.0 = Release|Any CPU
		{0DD364BE-7510-4084-B1E9-0D1417757C4E}.Release|x64.ActiveCfg = Release|Any CPU
		{0DD364BE-7510-4084-B1E9-0D1417757C4E}.Release|x64.Build.0 = Release|Any CPU
		{0DD364BE-7510-4084-B1E9-0D1417757C4E}.Release|x86.ActiveCfg = Release|Any CPU
		{0DD364BE-7510-4084-B1E9-0D1417757C4E}.Release|x86.Build.0 = Release|Any CPU
		{7E6435E1-1A9A-4B7A-9BFC-272F167D4E18}.Debug|Any CPU.ActiveCfg = Debug|Any CPU
		{7E6435E1-1A9A-4B7A-9BFC-272F167D4E18}.Debug|Any CPU.Build.0 = Debug|Any CPU
		{7E6435E1-1A9A-4B7A-9BFC-272F167D4E18}.Debug|x64.ActiveCfg = Debug|Any CPU
		{7E6435E1-1A9A-4B7A-9BFC-272F167D4E18}.Debug|x64.Build.0 = Debug|Any CPU
		{7E6435E1-1A9A-4B7A-9BFC-272F167D4E18}.Debug|x86.ActiveCfg = Debug|Any CPU
		{7E6435E1-1A9A-4B7A-9BFC-272F167D4E18}.Debug|x86.Build.0 = Debug|Any CPU
		{7E6435E1-1A9A-4B7A-9BFC-272F167D4E18}.Release|Any CPU.ActiveCfg = Release|Any CPU
		{7E6435E1-1A9A-4B7A-9BFC-272F167D4E18}.Release|Any CPU.Build.0 = Release|Any CPU
		{7E6435E1-1A9A-4B7A-9BFC-272F167D4E18}.Release|x64.ActiveCfg = Release|Any CPU
		{7E6435E1-1A9A-4B7A-9BFC-272F167D4E18}.Release|x64.Build.0 = Release|Any CPU
		{7E6435E1-1A9A-4B7A-9BFC-272F167D4E18}.Release|x86.ActiveCfg = Release|Any CPU
		{7E6435E1-1A9A-4B7A-9BFC-272F167D4E18}.Release|x86.Build.0 = Release|Any CPU
	EndGlobalSection
	GlobalSection(SolutionProperties) = preSolution
		HideSolutionNode = FALSE
	EndGlobalSection
EndGlobal
